// !$*UTF8*$!
{
	archiveVersion = 1;
	classes = {
	};
	objectVersion = 46;
	objects = {

/* Begin PBXBuildFile section */
		21ACA7C71D8C4CE900648EF3 /* AppDelegate.swift in Sources */ = {isa = PBXBuildFile; fileRef = 21ACA7C61D8C4CE900648EF3 /* AppDelegate.swift */; };
		21ACA7C91D8C4CE900648EF3 /* ViewController.swift in Sources */ = {isa = PBXBuildFile; fileRef = 21ACA7C81D8C4CE900648EF3 /* ViewController.swift */; };
		21ACA7CC1D8C4CE900648EF3 /* Main.storyboard in Resources */ = {isa = PBXBuildFile; fileRef = 21ACA7CA1D8C4CE900648EF3 /* Main.storyboard */; };
		21ACA7CE1D8C4CE900648EF3 /* Assets.xcassets in Resources */ = {isa = PBXBuildFile; fileRef = 21ACA7CD1D8C4CE900648EF3 /* Assets.xcassets */; };
		21ACA7D11D8C4CE900648EF3 /* LaunchScreen.storyboard in Resources */ = {isa = PBXBuildFile; fileRef = 21ACA7CF1D8C4CE900648EF3 /* LaunchScreen.storyboard */; };
/* End PBXBuildFile section */

/* Begin PBXFileReference section */
		21ACA7C31D8C4CE900648EF3 /* AirJordan.app */ = {isa = PBXFileReference; explicitFileType = wrapper.application; includeInIndex = 0; path = AirJordan.app; sourceTree = BUILT_PRODUCTS_DIR; };
		21ACA7C61D8C4CE900648EF3 /* AppDelegate.swift */ = {isa = PBXFileReference; lastKnownFileType = sourcecode.swift; path = AppDelegate.swift; sourceTree = "<group>"; };
		21ACA7C81D8C4CE900648EF3 /* ViewController.swift */ = {isa = PBXFileReference; lastKnownFileType = sourcecode.swift; path = ViewController.swift; sourceTree = "<group>"; };
		21ACA7CB1D8C4CE900648EF3 /* Base */ = {isa = PBXFileReference; lastKnownFileType = file.storyboard; name = Base; path = Base.lproj/Main.storyboard; sourceTree = "<group>"; };
		21ACA7CD1D8C4CE900648EF3 /* Assets.xcassets */ = {isa = PBXFileReference; lastKnownFileType = folder.assetcatalog; path = Assets.xcassets; sourceTree = "<group>"; };
		21ACA7D01D8C4CE900648EF3 /* Base */ = {isa = PBXFileReference; lastKnownFileType = file.storyboard; name = Base; path = Base.lproj/LaunchScreen.storyboard; sourceTree = "<group>"; };
		21ACA7D21D8C4CE900648EF3 /* Info.plist */ = {isa = PBXFileReference; lastKnownFileType = text.plist.xml; path = Info.plist; sourceTree = "<group>"; };
/* End PBXFileReference section */

/* Begin PBXFrameworksBuildPhase section */
		21ACA7C01D8C4CE800648EF3 /* Frameworks */ = {
			isa = PBXFrameworksBuildPhase;
			buildActionMask = 2147483647;
			files = (
			);
			runOnlyForDeploymentPostprocessing = 0;
		};
/* End PBXFrameworksBuildPhase section */

/* Begin PBXGroup section */
		21ACA7BA1D8C4CE800648EF3 = {
			isa = PBXGroup;
			children = (
				21ACA7C51D8C4CE900648EF3 /* AirJordan */,
				21ACA7C41D8C4CE900648EF3 /* Products */,
			);
			sourceTree = "<group>";
		};
		21ACA7C41D8C4CE900648EF3 /* Products */ = {
			isa = PBXGroup;
			children = (
				21ACA7C31D8C4CE900648EF3 /* AirJordan.app */,
			);
			name = Products;
			sourceTree = "<group>";
		};
		21ACA7C51D8C4CE900648EF3 /* AirJordan */ = {
			isa = PBXGroup;
			children = (
				21ACA7C61D8C4CE900648EF3 /* AppDelegate.swift */,
				21ACA7C81D8C4CE900648EF3 /* ViewController.swift */,
				21ACA7CA1D8C4CE900648EF3 /* Main.storyboard */,
				21ACA7CD1D8C4CE900648EF3 /* Assets.xcassets */,
				21ACA7CF1D8C4CE900648EF3 /* LaunchScreen.storyboard */,
				21ACA7D21D8C4CE900648EF3 /* Info.plist */,
			);
			path = AirJordan;
			sourceTree = "<group>";
		};
/* End PBXGroup section */

/* Begin PBXNativeTarget section */
		21ACA7C21D8C4CE800648EF3 /* AirJordan */ = {
			isa = PBXNativeTarget;
			buildConfigurationList = 21ACA7D51D8C4CE900648EF3 /* Build configuration list for PBXNativeTarget "AirJordan" */;
			buildPhases = (
				21ACA7BF1D8C4CE800648EF3 /* Sources */,
				21ACA7C01D8C4CE800648EF3 /* Frameworks */,
				21ACA7C11D8C4CE800648EF3 /* Resources */,
			);
			buildRules = (
			);
			dependencies = (
			);
			name = AirJordan;
			productName = AirJordan;
			productReference = 21ACA7C31D8C4CE900648EF3 /* AirJordan.app */;
			productType = "com.apple.product-type.application";
		};
/* End PBXNativeTarget section */

/* Begin PBXProject section */
		21ACA7BB1D8C4CE800648EF3 /* Project object */ = {
			isa = PBXProject;
			attributes = {
				LastSwiftUpdateCheck = 0800;
				LastUpgradeCheck = 0800;
				ORGANIZATIONNAME = ArchieApps;
				TargetAttributes = {
					21ACA7C21D8C4CE800648EF3 = {
						CreatedOnToolsVersion = 8.0;
						DevelopmentTeam = DG36AK5R97;
						ProvisioningStyle = Automatic;
					};
				};
			};
			buildConfigurationList = 21ACA7BE1D8C4CE800648EF3 /* Build configuration list for PBXProject "AirJordan" */;
			compatibilityVersion = "Xcode 3.2";
			developmentRegion = English;
			hasScannedForEncodings = 0;
			knownRegions = (
				en,
				Base,
			);
			mainGroup = 21ACA7BA1D8C4CE800648EF3;
			productRefGroup = 21ACA7C41D8C4CE900648EF3 /* Products */;
			projectDirPath = "";
			projectRoot = "";
			targets = (
				21ACA7C21D8C4CE800648EF3 /* AirJordan */,
			);
		};
/* End PBXProject section */

/* Begin PBXResourcesBuildPhase section */
		21ACA7C11D8C4CE800648EF3 /* Resources */ = {
			isa = PBXResourcesBuildPhase;
			buildActionMask = 2147483647;
			files = (
				21ACA7D11D8C4CE900648EF3 /* LaunchScreen.storyboard in Resources */,
				21ACA7CE1D8C4CE900648EF3 /* Assets.xcassets in Resources */,
				21ACA7CC1D8C4CE900648EF3 /* Main.storyboard in Resources */,
			);
			runOnlyForDeploymentPostprocessing = 0;
		};
/* End PBXResourcesBuildPhase section */

/* Begin PBXSourcesBuildPhase section */
		21ACA7BF1D8C4CE800648EF3 /* Sources */ = {
			isa = PBXSourcesBuildPhase;
			buildActionMask = 2147483647;
			files = (
				21ACA7C91D8C4CE900648EF3 /* ViewController.swift in Sources */,
				21ACA7C71D8C4CE900648EF3 /* AppDelegate.swift in Sources */,
			);
			runOnlyForDeploymentPostprocessing = 0;
		};
/* End PBXSourcesBuildPhase section */

/* Begin PBXVariantGroup section */
		21ACA7CA1D8C4CE900648EF3 /* Main.storyboard */ = {
			isa = PBXVariantGroup;
			children = (
				21ACA7CB1D8C4CE900648EF3 /* Base */,
			);
			name = Main.storyboard;
			sourceTree = "<group>";
		};
		21ACA7CF1D8C4CE900648EF3 /* LaunchScreen.storyboard */ = {
			isa = PBXVariantGroup;
			children = (
				21ACA7D01D8C4CE900648EF3 /* Base */,
			);
			name = LaunchScreen.storyboard;
			sourceTree = "<group>";
		};
/* End PBXVariantGroup section */

/* Begin XCBuildConfiguration section */
		21ACA7D31D8C4CE900648EF3 /* Debug */ = {
			isa = XCBuildConfiguration;
			buildSettings = {
				ALWAYS_SEARCH_USER_PATHS = NO;
				CLANG_ANALYZER_NONNULL = YES;
				CLANG_CXX_LANGUAGE_STANDARD = "gnu++0x";
				CLANG_CXX_LIBRARY = "libc++";
				CLANG_ENABLE_MODULES = YES;
				CLANG_ENABLE_OBJC_ARC = YES;
				CLANG_WARN_BOOL_CONVERSION = YES;
				CLANG_WARN_CONSTANT_CONVERSION = YES;
				CLANG_WARN_DIRECT_OBJC_ISA_USAGE = YES_ERROR;
				CLANG_WARN_DOCUMENTATION_COMMENTS = YES;
				CLANG_WARN_EMPTY_BODY = YES;
				CLANG_WARN_ENUM_CONVERSION = YES;
				CLANG_WARN_INFINITE_RECURSION = YES;
				CLANG_WARN_INT_CONVERSION = YES;
				CLANG_WARN_OBJC_ROOT_CLASS = YES_ERROR;
				CLANG_WARN_SUSPICIOUS_MOVES = YES;
				CLANG_WARN_UNREACHABLE_CODE = YES;
				CLANG_WARN__DUPLICATE_METHOD_MATCH = YES;
				"CODE_SIGN_IDENTITY[sdk=iphoneos*]" = "iPhone Developer";
				COPY_PHASE_STRIP = NO;
				DEBUG_INFORMATION_FORMAT = dwarf;
				ENABLE_STRICT_OBJC_MSGSEND = YES;
				ENABLE_TESTABILITY = YES;
				GCC_C_LANGUAGE_STANDARD = gnu99;
				GCC_DYNAMIC_NO_PIC = NO;
				GCC_NO_COMMON_BLOCKS = YES;
				GCC_OPTIMIZATION_LEVEL = 0;
				GCC_PREPROCESSOR_DEFINITIONS = (
					"DEBUG=1",
					"$(inherited)",
				);
				GCC_WARN_64_TO_32_BIT_CONVERSION = YES;
				GCC_WARN_ABOUT_RETURN_TYPE = YES_ERROR;
				GCC_WARN_UNDECLARED_SELECTOR = YES;
				GCC_WARN_UNINITIALIZED_AUTOS = YES_AGGRESSIVE;
				GCC_WARN_UNUSED_FUNCTION = YES;
				GCC_WARN_UNUSED_VARIABLE = YES;
				IPHONEOS_DEPLOYMENT_TARGET = 10.0;
				MTL_ENABLE_DEBUG_INFO = YES;
				ONLY_ACTIVE_ARCH = YES;
				SDKROOT = iphoneos;
				SWIFT_ACTIVE_COMPILATION_CONDITIONS = DEBUG;
				SWIFT_OPTIMIZATION_LEVEL = "-Onone";
			};
			name = Debug;
		};
		21ACA7D41D8C4CE900648EF3 /* Release */ = {
			isa = XCBuildConfiguration;
			buildSettings = {
				ALWAYS_SEARCH_USER_PATHS = NO;
				CLANG_ANALYZER_NONNULL = YES;
				CLANG_CXX_LANGUAGE_STANDARD = "gnu++0x";
				CLANG_CXX_LIBRARY = "libc++";
				CLANG_ENABLE_MODULES = YES;
				CLANG_ENABLE_OBJC_ARC = YES;
				CLANG_WARN_BOOL_CONVERSION = YES;
				CLANG_WARN_CONSTANT_CONVERSION = YES;
				CLANG_WARN_DIRECT_OBJC_ISA_USAGE = YES_ERROR;
				CLANG_WARN_DOCUMENTATION_COMMENTS = YES;
				CLANG_WARN_EMPTY_BODY = YES;
				CLANG_WARN_ENUM_CONVERSION = YES;
				CLANG_WARN_INFINITE_RECURSION = YES;
				CLANG_WARN_INT_CONVERSION = YES;
				CLANG_WARN_OBJC_ROOT_CLASS = YES_ERROR;
				CLANG_WARN_SUSPICIOUS_MOVES = YES;
				CLANG_WARN_UNREACHABLE_CODE = YES;
				CLANG_WARN__DUPLICATE_METHOD_MATCH = YES;
				"CODE_SIGN_IDENTITY[sdk=iphoneos*]" = "iPhone Developer";
				COPY_PHASE_STRIP = NO;
				DEBUG_INFORMATION_FORMAT = "dwarf-with-dsym";
				ENABLE_NS_ASSERTIONS = NO;
				ENABLE_STRICT_OBJC_MSGSEND = YES;
				GCC_C_LANGUAGE_STANDARD = gnu99;
				GCC_NO_COMMON_BLOCKS = YES;
				GCC_WARN_64_TO_32_BIT_CONVERSION = YES;
				GCC_WARN_ABOUT_RETURN_TYPE = YES_ERROR;
				GCC_WARN_UNDECLARED_SELECTOR = YES;
				GCC_WARN_UNINITIALIZED_AUTOS = YES_AGGRESSIVE;
				GCC_WARN_UNUSED_FUNCTION = YES;
				GCC_WARN_UNUSED_VARIABLE = YES;
				IPHONEOS_DEPLOYMENT_TARGET = 10.0;
				MTL_ENABLE_DEBUG_INFO = NO;
				SDKROOT = iphoneos;
				SWIFT_OPTIMIZATION_LEVEL = "-Owholemodule";
				VALIDATE_PRODUCT = YES;
			};
			name = Release;
		};
		21ACA7D61D8C4CE900648EF3 /* Debug */ = {
			isa = XCBuildConfiguration;
			buildSettings = {
				ASSETCATALOG_COMPILER_APPICON_NAME = AppIcon;
				DEVELOPMENT_TEAM = DG36AK5R97;
				INFOPLIST_FILE = AirJordan/Info.plist;
				LD_RUNPATH_SEARCH_PATHS = "$(inherited) @executable_path/Frameworks";
				PRODUCT_BUNDLE_IDENTIFIER = Archie.AirJordan;
				PRODUCT_NAME = "$(TARGET_NAME)";
				SWIFT_VERSION = 3.0;
			};
			name = Debug;
		};
		21ACA7D71D8C4CE900648EF3 /* Release */ = {
			isa = XCBuildConfiguration;
			buildSettings = {
				ASSETCATALOG_COMPILER_APPICON_NAME = AppIcon;
				DEVELOPMENT_TEAM = DG36AK5R97;
				INFOPLIST_FILE = AirJordan/Info.plist;
				LD_RUNPATH_SEARCH_PATHS = "$(inherited) @executable_path/Frameworks";
				PRODUCT_BUNDLE_IDENTIFIER = Archie.AirJordan;
				PRODUCT_NAME = "$(TARGET_NAME)";
				SWIFT_VERSION = 3.0;
			};
			name = Release;
		};
/* End XCBuildConfiguration section */

/* Begin XCConfigurationList section */
		21ACA7BE1D8C4CE800648EF3 /* Build configuration list for PBXProject "AirJordan" */ = {
			isa = XCConfigurationList;
			buildConfigurations = (
				21ACA7D31D8C4CE900648EF3 /* Debug */,
				21ACA7D41D8C4CE900648EF3 /* Release */,
			);
			defaultConfigurationIsVisible = 0;
			defaultConfigurationName = Release;
		};
		21ACA7D51D8C4CE900648EF3 /* Build configuration list for PBXNativeTarget "AirJordan" */ = {
			isa = XCConfigurationList;
			buildConfigurations = (
				21ACA7D61D8C4CE900648EF3 /* Debug */,
				21ACA7D71D8C4CE900648EF3 /* Release */,
			);
			defaultConfigurationIsVisible = 0;
		};
/* End XCConfigurationList section */
	};
	rootObject = 21ACA7BB1D8C4CE800648EF3 /* Project object */;
}
